
Microsoft Visual Studio Solution File, Format Version 12.00
# Visual Studio Version 16
VisualStudioVersion = 16.0.30320.27
MinimumVisualStudioVersion = 10.0.40219.1
Project("{FAE04EC0-301F-11D3-BF4B-00C04F79EFBC}") = "ClearixCore", "ClearixCore\ClearixCore.csproj", "{BDFF44E7-D090-44DF-BA7A-FCAD96C50560}"
EndProject
Global
	GlobalSection(SolutionConfigurationPlatforms) = preSolution
		Debug|Any CPU = Debug|Any CPU
		Release|Any CPU = Release|Any CPU
	EndGlobalSection
	GlobalSection(ProjectConfigurationPlatforms) = postSolution
		{BDFF44E7-D090-44DF-BA7A-FCAD96C50560}.Debug|Any CPU.ActiveCfg = Debug|Any CPU
		{BDFF44E7-D090-44DF-BA7A-FCAD96C50560}.Debug|Any CPU.Build.0 = Debug|Any CPU
		{BDFF44E7-D090-44DF-BA7A-FCAD96C50560}.Release|Any CPU.ActiveCfg = Release|Any CPU
		{BDFF44E7-D090-44DF-BA7A-FCAD96C50560}.Release|Any CPU.Build.0 = Release|Any CPU
	EndGlobalSection
	GlobalSection(SolutionProperties) = preSolution
		HideSolutionNode = FALSE
	EndGlobalSection
	GlobalSection(ExtensibilityGlobals) = postSolution
		SolutionGuid = {D9F62E46-07A2-4267-9823-974F20DC8B4A}
	EndGlobalSection
EndGlobal
